# THIS IS AN AUTOGENERATED FILE. DO NOT EDIT THIS FILE DIRECTLY.
# yarn lockfile v1


"@types/fs-extra@^5.0.3":
  version "5.1.0"
  resolved "https://registry.yarnpkg.com/@types/fs-extra/-/fs-extra-5.1.0.tgz#2a325ef97901504a3828718c390d34b8426a10a1"
  integrity sha512-AInn5+UBFIK9FK5xc9yP5e3TQSPNNgjHByqYcj9g5elVBnDQcQL7PlO1CIRy2gWlbwK7UPYqi7vRvFA44dCmYQ==
  dependencies:
    "@types/node" "*"

"@types/glob@*":
  version "7.1.2"
  resolved "https://registry.yarnpkg.com/@types/glob/-/glob-7.1.2.tgz#06ca26521353a545d94a0adc74f38a59d232c987"
  integrity sha512-VgNIkxK+j7Nz5P7jvUZlRvhuPSmsEfS03b0alKcq5V/STUKAa3Plemsn5mrQUO7am6OErJ4rhGEGJbACclrtRA==
  dependencies:
    "@types/minimatch" "*"
    "@types/node" "*"

"@types/handlebars@^4.0.38":
  version "4.1.0"
  resolved "https://registry.yarnpkg.com/@types/handlebars/-/handlebars-4.1.0.tgz#3fcce9bf88f85fe73dc932240ab3fb682c624850"
  integrity sha512-gq9YweFKNNB1uFK71eRqsd4niVkXrxHugqWFQkeLRJvGjnxsLr16bYtcsG4tOFwmYi0Bax+wCkbf1reUfdl4kA==
  dependencies:
    handlebars "*"

"@types/highlight.js@^9.12.3":
  version "9.12.4"
  resolved "https://registry.yarnpkg.com/@types/highlight.js/-/highlight.js-9.12.4.tgz#8c3496bd1b50cc04aeefd691140aa571d4dbfa34"
  integrity sha512-t2szdkwmg2JJyuCM20e8kR2X59WCE5Zkl4bzm1u1Oukjm79zpbiAv+QjnwLnuuV0WHEcX2NgUItu0pAMKuOPww==

"@types/lodash@^4.14.110":
  version "4.14.157"
  resolved "https://registry.yarnpkg.com/@types/lodash/-/lodash-4.14.157.tgz#fdac1c52448861dfde1a2e1515dbc46e54926dc8"
  integrity sha512-Ft5BNFmv2pHDgxV5JDsndOWTRJ+56zte0ZpYLowp03tW+K+t8u8YMOzAnpuqPgzX6WO1XpDIUm7u04M8vdDiVQ==

"@types/marked@^0.4.0":
  version "0.4.2"
  resolved "https://registry.yarnpkg.com/@types/marked/-/marked-0.4.2.tgz#64a89e53ea37f61cc0f3ee1732c555c2dbf6452f"
  integrity sha512-cDB930/7MbzaGF6U3IwSQp6XBru8xWajF5PV2YZZeV8DyiliTuld11afVztGI9+yJZ29il5E+NpGA6ooV/Cjkg==

"@types/minimatch@*", "@types/minimatch@3.0.3":
  version "3.0.3"
  resolved "https://registry.yarnpkg.com/@types/minimatch/-/minimatch-3.0.3.tgz#3dca0e3f33b200fc7d1139c0cd96c1268cadfd9d"
  integrity sha512-tHq6qdbT9U1IRSGf14CL0pUlULksvY9OZ+5eEgl1N7t+OA3tGvNpxJCzuKQlsNgCVwbAs670L1vcVQi8j9HjnA==

"@types/node@*":
  version "14.0.14"
  resolved "https://registry.yarnpkg.com/@types/node/-/node-14.0.14.tgz#24a0b5959f16ac141aeb0c5b3cd7a15b7c64cbce"
  integrity sha512-syUgf67ZQpaJj01/tRTknkMNoBBLWJOBODF0Zm4NrXmiSuxjymFrxnTu1QVYRubhVkRcZLYZG8STTwJRdVm/WQ==

"@types/ramda@^0.27.7":
  version "0.27.7"
  resolved "https://registry.yarnpkg.com/@types/ramda/-/ramda-0.27.7.tgz#9079faf78a41c25eb59deb46d59deb88a7949358"
  integrity sha512-qt8hYaKfgWE84S6elC8MokRza8sEVkmJqPUbKcl4qVhzryK4eya5ykucgNzzHFJt9hwDYpjtA8h7w2/VT/Gnqg==
  dependencies:
    ts-toolbelt "^6.3.3"

"@types/randomcolor@^0.5.5":
  version "0.5.5"
  resolved "https://registry.yarnpkg.com/@types/randomcolor/-/randomcolor-0.5.5.tgz#6d8af5f87c6bec1e338ae2d0739056cc2e5720fd"
  integrity sha512-PywdYff3F8lGO3BggkCXaPFH0Ue/2Y7xliihoQNkxCGPJ4w7VTMfgcmSMIE6gOVAEu9Wx42JRSuRREVG3AUrtg==

"@types/shelljs@^0.8.0":
  version "0.8.8"
  resolved "https://registry.yarnpkg.com/@types/shelljs/-/shelljs-0.8.8.tgz#e439c69929b88a2c8123c1a55e09eb708315addf"
  integrity sha512-lD3LWdg6j8r0VRBFahJVaxoW0SIcswxKaFUrmKl33RJVeeoNYQAz4uqCJ5Z6v4oIBOsC5GozX+I5SorIKiTcQA==
  dependencies:
    "@types/glob" "*"
    "@types/node" "*"

balanced-match@^1.0.0:
  version "1.0.0"
  resolved "https://registry.yarnpkg.com/balanced-match/-/balanced-match-1.0.0.tgz#89b4d199ab2bee49de164ea02b89ce462d71b767"
  integrity sha1-ibTRmasr7kneFk6gK4nORi1xt2c=

brace-expansion@^1.1.7:
  version "1.1.11"
  resolved "https://registry.yarnpkg.com/brace-expansion/-/brace-expansion-1.1.11.tgz#3c7fcbf529d87226f3d2f52b966ff5271eb441dd"
  integrity sha512-iCuPHDFgrHX7H2vEI/5xpz07zSHB00TpugqhmYtVmMO6518mCuRMoOYFldEBl0g187ufozdaHgWKcYFb61qGiA==
  dependencies:
    balanced-match "^1.0.0"
    concat-map "0.0.1"

concat-map@0.0.1:
  version "0.0.1"
  resolved "https://registry.yarnpkg.com/concat-map/-/concat-map-0.0.1.tgz#d8a96bd77fd68df7793a73036a3ba0d5405d477b"
  integrity sha1-2Klr13/Wjfd5OnMDajug1UBdR3s=

date-fns@^2.14.0:
  version "2.14.0"
  resolved "https://registry.yarnpkg.com/date-fns/-/date-fns-2.14.0.tgz#359a87a265bb34ef2e38f93ecf63ac453f9bc7ba"
  integrity sha512-1zD+68jhFgDIM0rF05rcwYO8cExdNqxjq4xP1QKM60Q45mnO6zaMWB4tOzrIr4M4GSLntsKeE4c9Bdl2jhL/yw==

fs-extra@^7.0.0:
  version "7.0.1"
  resolved "https://registry.yarnpkg.com/fs-extra/-/fs-extra-7.0.1.tgz#4f189c44aa123b895f722804f55ea23eadc348e9"
  integrity sha512-YJDaCJZEnBmcbw13fvdAM9AwNOJwOzrE4pqMqBq5nFiEqXUqHwlK4B+3pUw6JNvfSPtX05xFHtYy/1ni01eGCw==
  dependencies:
    graceful-fs "^4.1.2"
    jsonfile "^4.0.0"
    universalify "^0.1.0"

fs.realpath@^1.0.0:
  version "1.0.0"
  resolved "https://registry.yarnpkg.com/fs.realpath/-/fs.realpath-1.0.0.tgz#1504ad2523158caa40db4a2787cb01411994ea4f"
  integrity sha1-FQStJSMVjKpA20onh8sBQRmU6k8=

glob@^7.0.0:
  version "7.1.6"
  resolved "https://registry.yarnpkg.com/glob/-/glob-7.1.6.tgz#141f33b81a7c2492e125594307480c46679278a6"
  integrity sha512-LwaxwyZ72Lk7vZINtNNrywX0ZuLyStrdDtabefZKAY5ZGJhVtgdznluResxNmPitE0SAO+O26sWTHeKSI2wMBA==
  dependencies:
    fs.realpath "^1.0.0"
    inflight "^1.0.4"
    inherits "2"
    minimatch "^3.0.4"
    once "^1.3.0"
    path-is-absolute "^1.0.0"

graceful-fs@^4.1.2, graceful-fs@^4.1.6:
  version "4.2.4"
  resolved "https://registry.yarnpkg.com/graceful-fs/-/graceful-fs-4.2.4.tgz#2256bde14d3632958c465ebc96dc467ca07a29fb"
  integrity sha512-WjKPNJF79dtJAVniUlGGWHYGz2jWxT6VhN/4m1NdkbZ2nOsEF+cI1Edgql5zCRhs/VsQYRvrXctxktVXZUkixw==

handlebars@*, handlebars@^4.0.6:
  version "4.7.6"
  resolved "https://registry.yarnpkg.com/handlebars/-/handlebars-4.7.6.tgz#d4c05c1baf90e9945f77aa68a7a219aa4a7df74e"
  integrity sha512-1f2BACcBfiwAfStCKZNrUCgqNZkGsAT7UM3kkYtXuLo0KnaVfjKOyf7PRzB6++aK9STyT1Pd2ZCPe3EGOXleXA==
  dependencies:
    minimist "^1.2.5"
    neo-async "^2.6.0"
    source-map "^0.6.1"
    wordwrap "^1.0.0"
  optionalDependencies:
    uglify-js "^3.1.4"

highlight.js@^9.0.0:
  version "9.18.1"
  resolved "https://registry.yarnpkg.com/highlight.js/-/highlight.js-9.18.1.tgz#ed21aa001fe6252bb10a3d76d47573c6539fe13c"
  integrity sha512-OrVKYz70LHsnCgmbXctv/bfuvntIKDz177h0Co37DQ5jamGZLVmoCVMtjMtNZY3X9DrCcKfklHPNeA0uPZhSJg==

inflight@^1.0.4:
  version "1.0.6"
  resolved "https://registry.yarnpkg.com/inflight/-/inflight-1.0.6.tgz#49bd6331d7d02d0c09bc910a1075ba8165b56df9"
  integrity sha1-Sb1jMdfQLQwJvJEKEHW6gWW1bfk=
  dependencies:
    once "^1.3.0"
    wrappy "1"

inherits@2:
  version "2.0.4"
  resolved "https://registry.yarnpkg.com/inherits/-/inherits-2.0.4.tgz#0fa2c64f932917c3433a0ded55363aae37416b7c"
  integrity sha512-k/vGaX4/Yla3WzyMCvTQOXYeIHvqOKtnqBduzTHpzpQZzAskKMhZ2K+EnBiSM9zGSoIFeMpXKxa4dYeZIQqewQ==

interpret@^1.0.0:
  version "1.4.0"
  resolved "https://registry.yarnpkg.com/interpret/-/interpret-1.4.0.tgz#665ab8bc4da27a774a40584e812e3e0fa45b1a1e"
  integrity sha512-agE4QfB2Lkp9uICn7BAqoscw4SZP9kTE2hxiFI3jBPmXJfdqiahTbUuKGsMoN2GtqL9AxhYioAcVvgsb1HvRbA==

jsonfile@^4.0.0:
  version "4.0.0"
  resolved "https://registry.yarnpkg.com/jsonfile/-/jsonfile-4.0.0.tgz#8771aae0799b64076b76640fca058f9c10e33ecb"
  integrity sha1-h3Gq4HmbZAdrdmQPygWPnBDjPss=
  optionalDependencies:
    graceful-fs "^4.1.6"

lodash@^4.17.10, lodash@^4.17.15:
  version "4.17.15"
  resolved "https://registry.yarnpkg.com/lodash/-/lodash-4.17.15.tgz#b447f6670a0455bbfeedd11392eff330ea097548"
  integrity sha512-8xOcRHvCjnocdS5cpwXQXVzmmh5e5+saE2QGoeQmbKmRS6J3VQppPOIt0MnmE+4xlZoumy0GPG0D0MVIQbNA1A==

marked@^0.4.0:
  version "0.4.0"
  resolved "https://registry.yarnpkg.com/marked/-/marked-0.4.0.tgz#9ad2c2a7a1791f10a852e0112f77b571dce10c66"
  integrity sha512-tMsdNBgOsrUophCAFQl0XPe6Zqk/uy9gnue+jIIKhykO51hxyu6uNx7zBPy0+y/WKYVZZMspV9YeXLNdKk+iYw==

minimatch@^3.0.0, minimatch@^3.0.4:
  version "3.0.4"
  resolved "https://registry.yarnpkg.com/minimatch/-/minimatch-3.0.4.tgz#5166e286457f03306064be5497e8dbb0c3d32083"
  integrity sha512-yJHVQEhyqPLUTgt9B83PXu6W3rx4MvvHvSUvToogpwoGDOUQ+yDrR0HRot+yOCdCO7u4hX3pWft6kWBBcqh0UA==
  dependencies:
    brace-expansion "^1.1.7"

minimist@^1.2.5:
  version "1.2.6"
  resolved "https://registry.yarnpkg.com/minimist/-/minimist-1.2.6.tgz#8637a5b759ea0d6e98702cfb3a9283323c93af44"
  integrity sha512-Jsjnk4bw3YJqYzbdyBiNsPWHPfO++UGG749Cxs6peCu5Xg4nrena6OVxOYxrQTqww0Jmwt+Ref8rggumkTLz9Q==

neo-async@^2.6.0:
  version "2.6.1"
  resolved "https://registry.yarnpkg.com/neo-async/-/neo-async-2.6.1.tgz#ac27ada66167fa8849a6addd837f6b189ad2081c"
  integrity sha512-iyam8fBuCUpWeKPGpaNMetEocMt364qkCsfL9JuhjXX6dRnguRVOfk2GZaDpPjcOKiiXCPINZC1GczQ7iTq3Zw==

once@^1.3.0:
  version "1.4.0"
  resolved "https://registry.yarnpkg.com/once/-/once-1.4.0.tgz#583b1aa775961d4b113ac17d9c50baef9dd76bd1"
  integrity sha1-WDsap3WWHUsROsF9nFC6753Xa9E=
  dependencies:
    wrappy "1"

path-is-absolute@^1.0.0:
  version "1.0.1"
  resolved "https://registry.yarnpkg.com/path-is-absolute/-/path-is-absolute-1.0.1.tgz#174b9268735534ffbc7ace6bf53a5a9e1b5c5f5f"
  integrity sha1-F0uSaHNVNP+8es5r9TpanhtcX18=

path-parse@^1.0.6:
  version "1.0.6"
  resolved "https://registry.yarnpkg.com/path-parse/-/path-parse-1.0.6.tgz#d62dbb5679405d72c4737ec58600e9ddcf06d24c"
  integrity sha512-GSmOT2EbHrINBf9SR7CDELwlJ8AENk3Qn7OikK4nFYAu3Ote2+JYNVvkpAEQm3/TLNEJFD/xZJjzyxg3KBWOzw==

progress@^2.0.0:
  version "2.0.3"
  resolved "https://registry.yarnpkg.com/progress/-/progress-2.0.3.tgz#7e8cf8d8f5b8f239c1bc68beb4eb78567d572ef8"
  integrity sha512-7PiHtLll5LdnKIMw100I+8xJXR5gW2QwWYkT6iJva0bXitZKa/XMrSbdmg3r2Xnaidz9Qumd0VPaMrZlF9V9sA==

ramda-adjunct@^2.27.0:
  version "2.27.0"
  resolved "https://registry.yarnpkg.com/ramda-adjunct/-/ramda-adjunct-2.27.0.tgz#674b62acd3545d1ae8395dbe6f160bc87611937d"
  integrity sha512-Z0+z+nEcbAguWSqlBJXLh3g4d2H82s0koDTiBm4WHkv02eXP82otRWRAqbHfoXQbUtb89XKxMz1NJKsQmC2yGA==

ramda@^0.27.0:
  version "0.27.0"
  resolved "https://registry.yarnpkg.com/ramda/-/ramda-0.27.0.tgz#915dc29865c0800bf3f69b8fd6c279898b59de43"
  integrity sha512-pVzZdDpWwWqEVVLshWUHjNwuVP7SfcmPraYuqocJp1yo2U1R7P+5QAfDhdItkuoGqIBnBYrtPp7rEPqDn9HlZA==

randomcolor@^0.5.4:
  version "0.5.4"
  resolved "https://registry.yarnpkg.com/randomcolor/-/randomcolor-0.5.4.tgz#df615b13f25b89ea58c5f8f72647f0a6f07adcc3"
  integrity sha512-nYd4nmTuuwMFzHL6W+UWR5fNERGZeVauho8mrJDUSXdNDbao4rbrUwhuLgKC/j8VCS5+34Ria8CsTDuBjrIrQA==

rechoir@^0.6.2:
  version "0.6.2"
  resolved "https://registry.yarnpkg.com/rechoir/-/rechoir-0.6.2.tgz#85204b54dba82d5742e28c96756ef43af50e3384"
  integrity sha1-hSBLVNuoLVdC4oyWdW70OvUOM4Q=
  dependencies:
    resolve "^1.1.6"

resolve@^1.1.6:
  version "1.17.0"
  resolved "https://registry.yarnpkg.com/resolve/-/resolve-1.17.0.tgz#b25941b54968231cc2d1bb76a79cb7f2c0bf8444"
  integrity sha512-ic+7JYiV8Vi2yzQGFWOkiZD5Z9z7O2Zhm9XMaTxdJExKasieFCr+yXZ/WmXsckHiKl12ar0y6XiXDx3m4RHn1w==
  dependencies:
    path-parse "^1.0.6"

shelljs@^0.8.2:
  version "0.8.4"
  resolved "https://registry.yarnpkg.com/shelljs/-/shelljs-0.8.4.tgz#de7684feeb767f8716b326078a8a00875890e3c2"
  integrity sha512-7gk3UZ9kOfPLIAbslLzyWeGiEqx9e3rxwZM0KE6EL8GlGwjym9Mrlx5/p33bWTu9YG6vcS4MBxYZDHYr5lr8BQ==
  dependencies:
    glob "^7.0.0"
    interpret "^1.0.0"
    rechoir "^0.6.2"

source-map@^0.6.1:
  version "0.6.1"
  resolved "https://registry.yarnpkg.com/source-map/-/source-map-0.6.1.tgz#74722af32e9614e9c287a8d0bbde48b5e2f1a263"
  integrity sha512-UjgapumWlbMhkBgzT7Ykc5YXUT46F0iKu8SGXq0bcwP5dz/h0Plj6enJqjz1Zbq2l5WaqYnrVbwWOWMyF3F47g==

ts-toolbelt@^6.3.3:
  version "6.9.9"
  resolved "https://registry.yarnpkg.com/ts-toolbelt/-/ts-toolbelt-6.9.9.tgz#e6cfd8ec7d425d2a06bda3b4fe9577ceaf2abda8"
  integrity sha512-5a8k6qfbrL54N4Dw+i7M6kldrbjgDWb5Vit8DnT+gwThhvqMg8KtxLE5Vmnft+geIgaSOfNJyAcnmmlflS+Vdg==

typedoc-default-themes@^0.5.0:
  version "0.5.0"
  resolved "https://registry.yarnpkg.com/typedoc-default-themes/-/typedoc-default-themes-0.5.0.tgz#6dc2433e78ed8bea8e887a3acde2f31785bd6227"
  integrity sha1-bcJDPnjti+qOiHo6zeLzF4W9Yic=

typedoc@^0.12.0:
  version "0.12.0"
  resolved "https://registry.yarnpkg.com/typedoc/-/typedoc-0.12.0.tgz#c5d606f52af29d841658e18d9faa1a72acf0e270"
  integrity sha512-dsdlaYZ7Je8JC+jQ3j2Iroe4uyD0GhqzADNUVyBRgLuytQDP/g0dPkAw5PdM/4drnmmJjRzSWW97FkKo+ITqQg==
  dependencies:
    "@types/fs-extra" "^5.0.3"
    "@types/handlebars" "^4.0.38"
    "@types/highlight.js" "^9.12.3"
    "@types/lodash" "^4.14.110"
    "@types/marked" "^0.4.0"
    "@types/minimatch" "3.0.3"
    "@types/shelljs" "^0.8.0"
    fs-extra "^7.0.0"
    handlebars "^4.0.6"
    highlight.js "^9.0.0"
    lodash "^4.17.10"
    marked "^0.4.0"
    minimatch "^3.0.0"
    progress "^2.0.0"
    shelljs "^0.8.2"
    typedoc-default-themes "^0.5.0"
    typescript "3.0.x"

typescript@3.0.x:
  version "3.0.3"
  resolved "https://registry.yarnpkg.com/typescript/-/typescript-3.0.3.tgz#4853b3e275ecdaa27f78fda46dc273a7eb7fc1c8"
  integrity sha512-kk80vLW9iGtjMnIv11qyxLqZm20UklzuR2tL0QAnDIygIUIemcZMxlMWudl9OOt76H3ntVzcTiddQ1/pAAJMYg==

typescript@^3.0.3:
  version "3.9.6"
  resolved "https://registry.yarnpkg.com/typescript/-/typescript-3.9.6.tgz#8f3e0198a34c3ae17091b35571d3afd31999365a"
  integrity sha512-Pspx3oKAPJtjNwE92YS05HQoY7z2SFyOpHo9MqJor3BXAGNaPUs83CuVp9VISFkSjyRfiTpmKuAYGJB7S7hOxw==

uglify-js@^3.1.4:
  version "3.10.0"
  resolved "https://registry.yarnpkg.com/uglify-js/-/uglify-js-3.10.0.tgz#397a7e6e31ce820bfd1cb55b804ee140c587a9e7"
  integrity sha512-Esj5HG5WAyrLIdYU74Z3JdG2PxdIusvj6IWHMtlyESxc7kcDz7zYlYjpnSokn1UbpV0d/QX9fan7gkCNd/9BQA==

universalify@^0.1.0:
  version "0.1.2"
  resolved "https://registry.yarnpkg.com/universalify/-/universalify-0.1.2.tgz#b646f69be3942dabcecc9d6639c80dc105efaa66"
  integrity sha512-rBJeI5CXAlmy1pV+617WB9J63U6XcazHHF2f2dbJix4XzpUF0RS3Zbj0FGIOCAva5P/d/GBOYaACQ1w+0azUkg==

wordwrap@^1.0.0:
  version "1.0.0"
  resolved "https://registry.yarnpkg.com/wordwrap/-/wordwrap-1.0.0.tgz#27584810891456a4171c8d0226441ade90cbcaeb"
  integrity sha1-J1hIEIkUVqQXHI0CJkQa3pDLyus=

wrappy@1:
  version "1.0.2"
  resolved "https://registry.yarnpkg.com/wrappy/-/wrappy-1.0.2.tgz#b5243d8f3ec1aa35f1364605bc0d1036e30ab69f"
  integrity sha1-tSQ9jz7BqjXxNkYFvA0QNuMKtp8=
